
Microsoft Visual Studio Solution File, Format Version 12.00
# Visual Studio Version 17
VisualStudioVersion = 17.10.34902.84
MinimumVisualStudioVersion = 10.0.40219.1
Project("{FAE04EC0-301F-11D3-BF4B-00C04F79EFBC}") = "TcpTransferSerialPortGui", "Gui\TcpTransferSerialPortGui\TcpTransferSerialPortGui.csproj", "{9C5BF892-1515-4861-8C11-9A74AD5E27B3}"
EndProject
Global
	GlobalSection(SolutionConfigurationPlatforms) = preSolution
		Debug|Any CPU = Debug|Any CPU
		Release|Any CPU = Release|Any CPU
	EndGlobalSection
	GlobalSection(ProjectConfigurationPlatforms) = postSolution
		{9C5BF892-1515-4861-8C11-9A74AD5E27B3}.Debug|Any CPU.ActiveCfg = Debug|Any CPU
		{9C5BF892-1515-4861-8C11-9A74AD5E27B3}.Debug|Any CPU.Build.0 = Debug|Any CPU
		{9C5BF892-1515-4861-8C11-9A74AD5E27B3}.Release|Any CPU.ActiveCfg = Release|Any CPU
		{9C5BF892-1515-4861-8C11-9A74AD5E27B3}.Release|Any CPU.Build.0 = Release|Any CPU
	EndGlobalSection
	GlobalSection(SolutionProperties) = preSolution
		HideSolutionNode = FALSE
	EndGlobalSection
	GlobalSection(ExtensibilityGlobals) = postSolution
		SolutionGuid = {B0009C79-E307-48A7-B5CF-1EEFBE78F10D}
	EndGlobalSection
EndGlobal
